
Microsoft Visual Studio Solution File, Format Version 12.00
# Visual Studio Version 16
VisualStudioVersion = 16.0.31624.102
MinimumVisualStudioVersion = 10.0.40219.1
Project("{FAE04EC0-301F-11D3-BF4B-00C04F79EFBC}") = "SPP_4", "SPP_4\SPP_4.csproj", "{923908EA-EED7-440D-A37B-A93B6A2F7542}"
EndProject
Project("{FAE04EC0-301F-11D3-BF4B-00C04F79EFBC}") = "Tests", "Tests\Tests.csproj", "{D786E8EB-2ED2-46FF-B5CC-F896EAF529C6}"
EndProject
Global
	GlobalSection(SolutionConfigurationPlatforms) = preSolution
		Debug|Any CPU = Debug|Any CPU
		Release|Any CPU = Release|Any CPU
	EndGlobalSection
	GlobalSection(ProjectConfigurationPlatforms) = postSolution
		{923908EA-EED7-440D-A37B-A93B6A2F7542}.Debug|Any CPU.ActiveCfg = Debug|Any CPU
		{923908EA-EED7-440D-A37B-A93B6A2F7542}.Debug|Any CPU.Build.0 = Debug|Any CPU
		{923908EA-EED7-440D-A37B-A93B6A2F7542}.Release|Any CPU.ActiveCfg = Release|Any CPU
		{923908EA-EED7-440D-A37B-A93B6A2F7542}.Release|Any CPU.Build.0 = Release|Any CPU
		{D786E8EB-2ED2-46FF-B5CC-F896EAF529C6}.Debug|Any CPU.ActiveCfg = Debug|Any CPU
		{D786E8EB-2ED2-46FF-B5CC-F896EAF529C6}.Debug|Any CPU.Build.0 = Debug|Any CPU
		{D786E8EB-2ED2-46FF-B5CC-F896EAF529C6}.Release|Any CPU.ActiveCfg = Release|Any CPU
		{D786E8EB-2ED2-46FF-B5CC-F896EAF529C6}.Release|Any CPU.Build.0 = Release|Any CPU
	EndGlobalSection
	GlobalSection(SolutionProperties) = preSolution
		HideSolutionNode = FALSE
	EndGlobalSection
	GlobalSection(ExtensibilityGlobals) = postSolution
		SolutionGuid = {1C17310D-3CC1-4168-BFE2-77A42BECA6B1}
	EndGlobalSection
EndGlobal
